
Microsoft Visual Studio Solution File, Format Version 12.00
Project("{FAE04EC0-301F-11D3-BF4B-00C04F79EFBC}") = "LogRedactionDemo.SimpleWorker", "LogRedactionDemo.SimpleWorker\LogRedactionDemo.SimpleWorker.csproj", "{AD1B14B3-DD40-4D44-8997-2817B7302A78}"
EndProject
Global
	GlobalSection(SolutionConfigurationPlatforms) = preSolution
		Debug|Any CPU = Debug|Any CPU
		Release|Any CPU = Release|Any CPU
	EndGlobalSection
	GlobalSection(ProjectConfigurationPlatforms) = postSolution
		{AD1B14B3-DD40-4D44-8997-2817B7302A78}.Debug|Any CPU.ActiveCfg = Debug|Any CPU
		{AD1B14B3-DD40-4D44-8997-2817B7302A78}.Debug|Any CPU.Build.0 = Debug|Any CPU
		{AD1B14B3-DD40-4D44-8997-2817B7302A78}.Release|Any CPU.ActiveCfg = Release|Any CPU
		{AD1B14B3-DD40-4D44-8997-2817B7302A78}.Release|Any CPU.Build.0 = Release|Any CPU
	EndGlobalSection
EndGlobal
